// !$*UTF8*$!
{
	archiveVersion = 1;
	classes = {
	};
	objectVersion = 51;
	objects = {

/* Begin PBXBuildFile section */
		0BED5CCEC6DD223ED827F89B /* Pods_Wantedly_WantedlyUITests.framework in Frameworks */ = {isa = PBXBuildFile; fileRef = 1DDD19C19FE82114BE68ECB2 /* Pods_Wantedly_WantedlyUITests.framework */; };
		141A297FB71F1B76B48C146D /* Pods_Wantedly.framework in Frameworks */ = {isa = PBXBuildFile; fileRef = E5326C58DD68C46BB831BF67 /* Pods_Wantedly.framework */; };
		2235BFD725F7DD2900C1BB47 /* Popover.storyboard in Resources */ = {isa = PBXBuildFile; fileRef = 2235BFD625F7DD2900C1BB47 /* Popover.storyboard */; };
		2235BFDF25F7DE0C00C1BB47 /* PopoverViewController.swift in Sources */ = {isa = PBXBuildFile; fileRef = 2235BFDE25F7DE0C00C1BB47 /* PopoverViewController.swift */; };
		227B9B5425F1734200BA08BA /* AppDelegate.swift in Sources */ = {isa = PBXBuildFile; fileRef = 227B9B5325F1734200BA08BA /* AppDelegate.swift */; };
		227B9B5625F1734200BA08BA /* SceneDelegate.swift in Sources */ = {isa = PBXBuildFile; fileRef = 227B9B5525F1734200BA08BA /* SceneDelegate.swift */; };
		227B9B5825F1734200BA08BA /* ViewController.swift in Sources */ = {isa = PBXBuildFile; fileRef = 227B9B5725F1734200BA08BA /* ViewController.swift */; };
		227B9B5B25F1734200BA08BA /* Main.storyboard in Resources */ = {isa = PBXBuildFile; fileRef = 227B9B5925F1734200BA08BA /* Main.storyboard */; };
		227B9B5D25F1734500BA08BA /* Assets.xcassets in Resources */ = {isa = PBXBuildFile; fileRef = 227B9B5C25F1734500BA08BA /* Assets.xcassets */; };
		227B9B6025F1734500BA08BA /* LaunchScreen.storyboard in Resources */ = {isa = PBXBuildFile; fileRef = 227B9B5E25F1734500BA08BA /* LaunchScreen.storyboard */; };
		227B9B6B25F1734500BA08BA /* WantedlyTests.swift in Sources */ = {isa = PBXBuildFile; fileRef = 227B9B6A25F1734500BA08BA /* WantedlyTests.swift */; };
		227B9B7625F1734500BA08BA /* WantedlyUITests.swift in Sources */ = {isa = PBXBuildFile; fileRef = 227B9B7525F1734500BA08BA /* WantedlyUITests.swift */; };
		227B9B8E25F2116B00BA08BA /* TableViewCell.swift in Sources */ = {isa = PBXBuildFile; fileRef = 227B9B8C25F2116B00BA08BA /* TableViewCell.swift */; };
		227B9B8F25F2116B00BA08BA /* TableViewCell.xib in Resources */ = {isa = PBXBuildFile; fileRef = 227B9B8D25F2116B00BA08BA /* TableViewCell.xib */; };
		227B9B9A25F21B6D00BA08BA /* Detail.storyboard in Resources */ = {isa = PBXBuildFile; fileRef = 227B9B9925F21B6D00BA08BA /* Detail.storyboard */; };
		227B9BA225F21B9D00BA08BA /* DetailViewController.swift in Sources */ = {isa = PBXBuildFile; fileRef = 227B9BA125F21B9D00BA08BA /* DetailViewController.swift */; };
		227B9BCA25F22AAC00BA08BA /* Article.swift in Sources */ = {isa = PBXBuildFile; fileRef = 227B9BC925F22AAC00BA08BA /* Article.swift */; };
		85CB014267AA45DB4B3A209D /* Pods_WantedlyTests.framework in Frameworks */ = {isa = PBXBuildFile; fileRef = 9C4E75F6FE85CF0CB8DE34A8 /* Pods_WantedlyTests.framework */; };
/* End PBXBuildFile section */

/* Begin PBXContainerItemProxy section */
		227B9B6725F1734500BA08BA /* PBXContainerItemProxy */ = {
			isa = PBXContainerItemProxy;
			containerPortal = 227B9B4825F1734200BA08BA /* Project object */;
			proxyType = 1;
			remoteGlobalIDString = 227B9B4F25F1734200BA08BA;
			remoteInfo = Wantedly;
		};
		227B9B7225F1734500BA08BA /* PBXContainerItemProxy */ = {
			isa = PBXContainerItemProxy;
			containerPortal = 227B9B4825F1734200BA08BA /* Project object */;
			proxyType = 1;
			remoteGlobalIDString = 227B9B4F25F1734200BA08BA;
			remoteInfo = Wantedly;
		};
/* End PBXContainerItemProxy section */

/* Begin PBXFileReference section */
		0EE663C10B7F57966797F237 /* Pods-WantedlyTests.release.xcconfig */ = {isa = PBXFileReference; includeInIndex = 1; lastKnownFileType = text.xcconfig; name = "Pods-WantedlyTests.release.xcconfig"; path = "Target Support Files/Pods-WantedlyTests/Pods-WantedlyTests.release.xcconfig"; sourceTree = "<group>"; };
		1CF90A8D0732BB37E2BDECF1 /* Pods-Wantedly-WantedlyUITests.release.xcconfig */ = {isa = PBXFileReference; includeInIndex = 1; lastKnownFileType = text.xcconfig; name = "Pods-Wantedly-WantedlyUITests.release.xcconfig"; path = "Target Support Files/Pods-Wantedly-WantedlyUITests/Pods-Wantedly-WantedlyUITests.release.xcconfig"; sourceTree = "<group>"; };
		1DDD19C19FE82114BE68ECB2 /* Pods_Wantedly_WantedlyUITests.framework */ = {isa = PBXFileReference; explicitFileType = wrapper.framework; includeInIndex = 0; path = Pods_Wantedly_WantedlyUITests.framework; sourceTree = BUILT_PRODUCTS_DIR; };
		2235BFD625F7DD2900C1BB47 /* Popover.storyboard */ = {isa = PBXFileReference; lastKnownFileType = file.storyboard; path = Popover.storyboard; sourceTree = "<group>"; };
		2235BFDE25F7DE0C00C1BB47 /* PopoverViewController.swift */ = {isa = PBXFileReference; lastKnownFileType = sourcecode.swift; path = PopoverViewController.swift; sourceTree = "<group>"; };
		227B9B5025F1734200BA08BA /* Wantedly.app */ = {isa = PBXFileReference; explicitFileType = wrapper.application; includeInIndex = 0; path = Wantedly.app; sourceTree = BUILT_PRODUCTS_DIR; };
		227B9B5325F1734200BA08BA /* AppDelegate.swift */ = {isa = PBXFileReference; lastKnownFileType = sourcecode.swift; path = AppDelegate.swift; sourceTree = "<group>"; };
		227B9B5525F1734200BA08BA /* SceneDelegate.swift */ = {isa = PBXFileReference; lastKnownFileType = sourcecode.swift; path = SceneDelegate.swift; sourceTree = "<group>"; };
		227B9B5725F1734200BA08BA /* ViewController.swift */ = {isa = PBXFileReference; lastKnownFileType = sourcecode.swift; path = ViewController.swift; sourceTree = "<group>"; };
		227B9B5A25F1734200BA08BA /* Base */ = {isa = PBXFileReference; lastKnownFileType = file.storyboard; name = Base; path = Base.lproj/Main.storyboard; sourceTree = "<group>"; };
		227B9B5C25F1734500BA08BA /* Assets.xcassets */ = {isa = PBXFileReference; lastKnownFileType = folder.assetcatalog; path = Assets.xcassets; sourceTree = "<group>"; };
		227B9B5F25F1734500BA08BA /* Base */ = {isa = PBXFileReference; lastKnownFileType = file.storyboard; name = Base; path = Base.lproj/LaunchScreen.storyboard; sourceTree = "<group>"; };
		227B9B6125F1734500BA08BA /* Info.plist */ = {isa = PBXFileReference; lastKnownFileType = text.plist.xml; path = Info.plist; sourceTree = "<group>"; };
		227B9B6625F1734500BA08BA /* WantedlyTests.xctest */ = {isa = PBXFileReference; explicitFileType = wrapper.cfbundle; includeInIndex = 0; path = WantedlyTests.xctest; sourceTree = BUILT_PRODUCTS_DIR; };
		227B9B6A25F1734500BA08BA /* WantedlyTests.swift */ = {isa = PBXFileReference; lastKnownFileType = sourcecode.swift; path = WantedlyTests.swift; sourceTree = "<group>"; };
		227B9B6C25F1734500BA08BA /* Info.plist */ = {isa = PBXFileReference; lastKnownFileType = text.plist.xml; path = Info.plist; sourceTree = "<group>"; };
		227B9B7125F1734500BA08BA /* WantedlyUITests.xctest */ = {isa = PBXFileReference; explicitFileType = wrapper.cfbundle; includeInIndex = 0; path = WantedlyUITests.xctest; sourceTree = BUILT_PRODUCTS_DIR; };
		227B9B7525F1734500BA08BA /* WantedlyUITests.swift */ = {isa = PBXFileReference; lastKnownFileType = sourcecode.swift; path = WantedlyUITests.swift; sourceTree = "<group>"; };
		227B9B7725F1734500BA08BA /* Info.plist */ = {isa = PBXFileReference; lastKnownFileType = text.plist.xml; path = Info.plist; sourceTree = "<group>"; };
		227B9B8C25F2116B00BA08BA /* TableViewCell.swift */ = {isa = PBXFileReference; lastKnownFileType = sourcecode.swift; path = TableViewCell.swift; sourceTree = "<group>"; };
		227B9B8D25F2116B00BA08BA /* TableViewCell.xib */ = {isa = PBXFileReference; lastKnownFileType = file.xib; path = TableViewCell.xib; sourceTree = "<group>"; };
		227B9B9925F21B6D00BA08BA /* Detail.storyboard */ = {isa = PBXFileReference; lastKnownFileType = file.storyboard; path = Detail.storyboard; sourceTree = "<group>"; };
		227B9BA125F21B9D00BA08BA /* DetailViewController.swift */ = {isa = PBXFileReference; lastKnownFileType = sourcecode.swift; path = DetailViewController.swift; sourceTree = "<group>"; };
		227B9BAA25F21C1200BA08BA /* WebKit.framework */ = {isa = PBXFileReference; lastKnownFileType = wrapper.framework; name = WebKit.framework; path = System/Library/Frameworks/WebKit.framework; sourceTree = SDKROOT; };
		227B9BC925F22AAC00BA08BA /* Article.swift */ = {isa = PBXFileReference; lastKnownFileType = sourcecode.swift; path = Article.swift; sourceTree = "<group>"; };
		227B9BD125F22D2200BA08BA /* Alamofire.framework */ = {isa = PBXFileReference; explicitFileType = wrapper.framework; path = Alamofire.framework; sourceTree = BUILT_PRODUCTS_DIR; };
		50473B0915345DCA98A978D3 /* Pods-WantedlyTests.debug.xcconfig */ = {isa = PBXFileReference; includeInIndex = 1; lastKnownFileType = text.xcconfig; name = "Pods-WantedlyTests.debug.xcconfig"; path = "Target Support Files/Pods-WantedlyTests/Pods-WantedlyTests.debug.xcconfig"; sourceTree = "<group>"; };
		73D00D8A463DA6812BF4D7F7 /* Pods-Wantedly.release.xcconfig */ = {isa = PBXFileReference; includeInIndex = 1; lastKnownFileType = text.xcconfig; name = "Pods-Wantedly.release.xcconfig"; path = "Target Support Files/Pods-Wantedly/Pods-Wantedly.release.xcconfig"; sourceTree = "<group>"; };
		817E0E6C9EF8D8246428D546 /* Pods-Wantedly.debug.xcconfig */ = {isa = PBXFileReference; includeInIndex = 1; lastKnownFileType = text.xcconfig; name = "Pods-Wantedly.debug.xcconfig"; path = "Target Support Files/Pods-Wantedly/Pods-Wantedly.debug.xcconfig"; sourceTree = "<group>"; };
		8D4FC09C188B57431E8C2BE0 /* Pods-Wantedly-WantedlyUITests.debug.xcconfig */ = {isa = PBXFileReference; includeInIndex = 1; lastKnownFileType = text.xcconfig; name = "Pods-Wantedly-WantedlyUITests.debug.xcconfig"; path = "Target Support Files/Pods-Wantedly-WantedlyUITests/Pods-Wantedly-WantedlyUITests.debug.xcconfig"; sourceTree = "<group>"; };
		9C4E75F6FE85CF0CB8DE34A8 /* Pods_WantedlyTests.framework */ = {isa = PBXFileReference; explicitFileType = wrapper.framework; includeInIndex = 0; path = Pods_WantedlyTests.framework; sourceTree = BUILT_PRODUCTS_DIR; };
		E5326C58DD68C46BB831BF67 /* Pods_Wantedly.framework */ = {isa = PBXFileReference; explicitFileType = wrapper.framework; includeInIndex = 0; path = Pods_Wantedly.framework; sourceTree = BUILT_PRODUCTS_DIR; };
/* End PBXFileReference section */

/* Begin PBXFrameworksBuildPhase section */
		227B9B4D25F1734200BA08BA /* Frameworks */ = {
			isa = PBXFrameworksBuildPhase;
			buildActionMask = 2147483647;
			files = (
				141A297FB71F1B76B48C146D /* Pods_Wantedly.framework in Frameworks */,
			);
			runOnlyForDeploymentPostprocessing = 0;
		};
		227B9B6325F1734500BA08BA /* Frameworks */ = {
			isa = PBXFrameworksBuildPhase;
			buildActionMask = 2147483647;
			files = (
				85CB014267AA45DB4B3A209D /* Pods_WantedlyTests.framework in Frameworks */,
			);
			runOnlyForDeploymentPostprocessing = 0;
		};
		227B9B6E25F1734500BA08BA /* Frameworks */ = {
			isa = PBXFrameworksBuildPhase;
			buildActionMask = 2147483647;
			files = (
				0BED5CCEC6DD223ED827F89B /* Pods_Wantedly_WantedlyUITests.framework in Frameworks */,
			);
			runOnlyForDeploymentPostprocessing = 0;
		};
/* End PBXFrameworksBuildPhase section */

/* Begin PBXGroup section */
		227B9B4725F1734200BA08BA = {
			isa = PBXGroup;
			children = (
				227B9B5225F1734200BA08BA /* Wantedly */,
				227B9B6925F1734500BA08BA /* WantedlyTests */,
				227B9B7425F1734500BA08BA /* WantedlyUITests */,
				227B9B5125F1734200BA08BA /* Products */,
				227B9BA925F21C1200BA08BA /* Frameworks */,
				940AFE09BEE4F1F8222CE914 /* Pods */,
			);
			sourceTree = "<group>";
		};
		227B9B5125F1734200BA08BA /* Products */ = {
			isa = PBXGroup;
			children = (
				227B9B5025F1734200BA08BA /* Wantedly.app */,
				227B9B6625F1734500BA08BA /* WantedlyTests.xctest */,
				227B9B7125F1734500BA08BA /* WantedlyUITests.xctest */,
			);
			name = Products;
			sourceTree = "<group>";
		};
		227B9B5225F1734200BA08BA /* Wantedly */ = {
			isa = PBXGroup;
			children = (
				227B9B8625F202A600BA08BA /* Model */,
				227B9B8725F202AD00BA08BA /* View */,
				227B9B8825F202B300BA08BA /* Controller */,
				227B9B5E25F1734500BA08BA /* LaunchScreen.storyboard */,
				227B9B6125F1734500BA08BA /* Info.plist */,
			);
			path = Wantedly;
			sourceTree = "<group>";
		};
		227B9B6925F1734500BA08BA /* WantedlyTests */ = {
			isa = PBXGroup;
			children = (
				227B9B6A25F1734500BA08BA /* WantedlyTests.swift */,
				227B9B6C25F1734500BA08BA /* Info.plist */,
			);
			path = WantedlyTests;
			sourceTree = "<group>";
		};
		227B9B7425F1734500BA08BA /* WantedlyUITests */ = {
			isa = PBXGroup;
			children = (
				227B9B7525F1734500BA08BA /* WantedlyUITests.swift */,
				227B9B7725F1734500BA08BA /* Info.plist */,
			);
			path = WantedlyUITests;
			sourceTree = "<group>";
		};
		227B9B8625F202A600BA08BA /* Model */ = {
			isa = PBXGroup;
			children = (
				227B9BC925F22AAC00BA08BA /* Article.swift */,
			);
			path = Model;
			sourceTree = "<group>";
		};
		227B9B8725F202AD00BA08BA /* View */ = {
			isa = PBXGroup;
			children = (
				227B9B5925F1734200BA08BA /* Main.storyboard */,
				227B9B9925F21B6D00BA08BA /* Detail.storyboard */,
				2235BFD625F7DD2900C1BB47 /* Popover.storyboard */,
				227B9B8D25F2116B00BA08BA /* TableViewCell.xib */,
				227B9B5C25F1734500BA08BA /* Assets.xcassets */,
			);
			path = View;
			sourceTree = "<group>";
		};
		227B9B8825F202B300BA08BA /* Controller */ = {
			isa = PBXGroup;
			children = (
				227B9B5325F1734200BA08BA /* AppDelegate.swift */,
				227B9B5525F1734200BA08BA /* SceneDelegate.swift */,
				227B9B5725F1734200BA08BA /* ViewController.swift */,
				227B9BA125F21B9D00BA08BA /* DetailViewController.swift */,
				227B9B8C25F2116B00BA08BA /* TableViewCell.swift */,
				2235BFDE25F7DE0C00C1BB47 /* PopoverViewController.swift */,
			);
			path = Controller;
			sourceTree = "<group>";
		};
		227B9BA925F21C1200BA08BA /* Frameworks */ = {
			isa = PBXGroup;
			children = (
				227B9BD125F22D2200BA08BA /* Alamofire.framework */,
				227B9BAA25F21C1200BA08BA /* WebKit.framework */,
				E5326C58DD68C46BB831BF67 /* Pods_Wantedly.framework */,
				1DDD19C19FE82114BE68ECB2 /* Pods_Wantedly_WantedlyUITests.framework */,
				9C4E75F6FE85CF0CB8DE34A8 /* Pods_WantedlyTests.framework */,
			);
			name = Frameworks;
			sourceTree = "<group>";
		};
		940AFE09BEE4F1F8222CE914 /* Pods */ = {
			isa = PBXGroup;
			children = (
				817E0E6C9EF8D8246428D546 /* Pods-Wantedly.debug.xcconfig */,
				73D00D8A463DA6812BF4D7F7 /* Pods-Wantedly.release.xcconfig */,
				8D4FC09C188B57431E8C2BE0 /* Pods-Wantedly-WantedlyUITests.debug.xcconfig */,
				1CF90A8D0732BB37E2BDECF1 /* Pods-Wantedly-WantedlyUITests.release.xcconfig */,
				50473B0915345DCA98A978D3 /* Pods-WantedlyTests.debug.xcconfig */,
				0EE663C10B7F57966797F237 /* Pods-WantedlyTests.release.xcconfig */,
			);
			path = Pods;
			sourceTree = "<group>";
		};
/* End PBXGroup section */

/* Begin PBXNativeTarget section */
		227B9B4F25F1734200BA08BA /* Wantedly */ = {
			isa = PBXNativeTarget;
			buildConfigurationList = 227B9B7A25F1734500BA08BA /* Build configuration list for PBXNativeTarget "Wantedly" */;
			buildPhases = (
				45F46D10341EDCB72B4ABE12 /* [CP] Check Pods Manifest.lock */,
				227B9B4C25F1734200BA08BA /* Sources */,
				227B9B4D25F1734200BA08BA /* Frameworks */,
				227B9B4E25F1734200BA08BA /* Resources */,
				9F17583032ACF6DA20A041D8 /* [CP] Embed Pods Frameworks */,
			);
			buildRules = (
			);
			dependencies = (
			);
			name = Wantedly;
			productName = Wantedly;
			productReference = 227B9B5025F1734200BA08BA /* Wantedly.app */;
			productType = "com.apple.product-type.application";
		};
		227B9B6525F1734500BA08BA /* WantedlyTests */ = {
			isa = PBXNativeTarget;
			buildConfigurationList = 227B9B7D25F1734500BA08BA /* Build configuration list for PBXNativeTarget "WantedlyTests" */;
			buildPhases = (
				2DA32A40FB79F87253C7F779 /* [CP] Check Pods Manifest.lock */,
				227B9B6225F1734500BA08BA /* Sources */,
				227B9B6325F1734500BA08BA /* Frameworks */,
				227B9B6425F1734500BA08BA /* Resources */,
			);
			buildRules = (
			);
			dependencies = (
				227B9B6825F1734500BA08BA /* PBXTargetDependency */,
			);
			name = WantedlyTests;
			productName = WantedlyTests;
			productReference = 227B9B6625F1734500BA08BA /* WantedlyTests.xctest */;
			productType = "com.apple.product-type.bundle.unit-test";
		};
		227B9B7025F1734500BA08BA /* WantedlyUITests */ = {
			isa = PBXNativeTarget;
			buildConfigurationList = 227B9B8025F1734500BA08BA /* Build configuration list for PBXNativeTarget "WantedlyUITests" */;
			buildPhases = (
				540EB168064CE974472852E1 /* [CP] Check Pods Manifest.lock */,
				227B9B6D25F1734500BA08BA /* Sources */,
				227B9B6E25F1734500BA08BA /* Frameworks */,
				227B9B6F25F1734500BA08BA /* Resources */,
				1F95500FA7922F97A3B610C8 /* [CP] Embed Pods Frameworks */,
			);
			buildRules = (
			);
			dependencies = (
				227B9B7325F1734500BA08BA /* PBXTargetDependency */,
			);
			name = WantedlyUITests;
			productName = WantedlyUITests;
			productReference = 227B9B7125F1734500BA08BA /* WantedlyUITests.xctest */;
			productType = "com.apple.product-type.bundle.ui-testing";
		};
/* End PBXNativeTarget section */

/* Begin PBXProject section */
		227B9B4825F1734200BA08BA /* Project object */ = {
			isa = PBXProject;
			attributes = {
				LastSwiftUpdateCheck = 1230;
				LastUpgradeCheck = 1230;
				TargetAttributes = {
					227B9B4F25F1734200BA08BA = {
						CreatedOnToolsVersion = 12.3;
					};
					227B9B6525F1734500BA08BA = {
						CreatedOnToolsVersion = 12.3;
						TestTargetID = 227B9B4F25F1734200BA08BA;
					};
					227B9B7025F1734500BA08BA = {
						CreatedOnToolsVersion = 12.3;
						TestTargetID = 227B9B4F25F1734200BA08BA;
					};
				};
			};
			buildConfigurationList = 227B9B4B25F1734200BA08BA /* Build configuration list for PBXProject "Wantedly" */;
			compatibilityVersion = "Xcode 9.3";
			developmentRegion = en;
			hasScannedForEncodings = 0;
			knownRegions = (
				en,
				Base,
			);
			mainGroup = 227B9B4725F1734200BA08BA;
			productRefGroup = 227B9B5125F1734200BA08BA /* Products */;
			projectDirPath = "";
			projectRoot = "";
			targets = (
				227B9B4F25F1734200BA08BA /* Wantedly */,
				227B9B6525F1734500BA08BA /* WantedlyTests */,
				227B9B7025F1734500BA08BA /* WantedlyUITests */,
			);
		};
/* End PBXProject section */

/* Begin PBXResourcesBuildPhase section */
		227B9B4E25F1734200BA08BA /* Resources */ = {
			isa = PBXResourcesBuildPhase;
			buildActionMask = 2147483647;
			files = (
				227B9B9A25F21B6D00BA08BA /* Detail.storyboard in Resources */,
				227B9B6025F1734500BA08BA /* LaunchScreen.storyboard in Resources */,
				227B9B8F25F2116B00BA08BA /* TableViewCell.xib in Resources */,
				227B9B5D25F1734500BA08BA /* Assets.xcassets in Resources */,
				2235BFD725F7DD2900C1BB47 /* Popover.storyboard in Resources */,
				227B9B5B25F1734200BA08BA /* Main.storyboard in Resources */,
			);
			runOnlyForDeploymentPostprocessing = 0;
		};
		227B9B6425F1734500BA08BA /* Resources */ = {
			isa = PBXResourcesBuildPhase;
			buildActionMask = 2147483647;
			files = (
			);
			runOnlyForDeploymentPostprocessing = 0;
		};
		227B9B6F25F1734500BA08BA /* Resources */ = {
			isa = PBXResourcesBuildPhase;
			buildActionMask = 2147483647;
			files = (
			);
			runOnlyForDeploymentPostprocessing = 0;
		};
/* End PBXResourcesBuildPhase section */

/* Begin PBXShellScriptBuildPhase section */
		1F95500FA7922F97A3B610C8 /* [CP] Embed Pods Frameworks */ = {
			isa = PBXShellScriptBuildPhase;
			buildActionMask = 2147483647;
			files = (
			);
			inputFileListPaths = (
				"${PODS_ROOT}/Target Support Files/Pods-Wantedly-WantedlyUITests/Pods-Wantedly-WantedlyUITests-frameworks-${CONFIGURATION}-input-files.xcfilelist",
			);
			name = "[CP] Embed Pods Frameworks";
			outputFileListPaths = (
				"${PODS_ROOT}/Target Support Files/Pods-Wantedly-WantedlyUITests/Pods-Wantedly-WantedlyUITests-frameworks-${CONFIGURATION}-output-files.xcfilelist",
			);
			runOnlyForDeploymentPostprocessing = 0;
			shellPath = /bin/sh;
			shellScript = "\"${PODS_ROOT}/Target Support Files/Pods-Wantedly-WantedlyUITests/Pods-Wantedly-WantedlyUITests-frameworks.sh\"\n";
			showEnvVarsInLog = 0;
		};
		2DA32A40FB79F87253C7F779 /* [CP] Check Pods Manifest.lock */ = {
			isa = PBXShellScriptBuildPhase;
			buildActionMask = 2147483647;
			files = (
			);
			inputFileListPaths = (
			);
			inputPaths = (
				"${PODS_PODFILE_DIR_PATH}/Podfile.lock",
				"${PODS_ROOT}/Manifest.lock",
			);
			name = "[CP] Check Pods Manifest.lock";
			outputFileListPaths = (
			);
			outputPaths = (
				"$(DERIVED_FILE_DIR)/Pods-WantedlyTests-checkManifestLockResult.txt",
			);
			runOnlyForDeploymentPostprocessing = 0;
			shellPath = /bin/sh;
			shellScript = "diff \"${PODS_PODFILE_DIR_PATH}/Podfile.lock\" \"${PODS_ROOT}/Manifest.lock\" > /dev/null\nif [ $? != 0 ] ; then\n    # print error to STDERR\n    echo \"error: The sandbox is not in sync with the Podfile.lock. Run 'pod install' or update your CocoaPods installation.\" >&2\n    exit 1\nfi\n# This output is used by Xcode 'outputs' to avoid re-running this script phase.\necho \"SUCCESS\" > \"${SCRIPT_OUTPUT_FILE_0}\"\n";
			showEnvVarsInLog = 0;
		};
		45F46D10341EDCB72B4ABE12 /* [CP] Check Pods Manifest.lock */ = {
			isa = PBXShellScriptBuildPhase;
			buildActionMask = 2147483647;
			files = (
			);
			inputFileListPaths = (
			);
			inputPaths = (
				"${PODS_PODFILE_DIR_PATH}/Podfile.lock",
				"${PODS_ROOT}/Manifest.lock",
			);
			name = "[CP] Check Pods Manifest.lock";
			outputFileListPaths = (
			);
			outputPaths = (
				"$(DERIVED_FILE_DIR)/Pods-Wantedly-checkManifestLockResult.txt",
			);
			runOnlyForDeploymentPostprocessing = 0;
			shellPath = /bin/sh;
			shellScript = "diff \"${PODS_PODFILE_DIR_PATH}/Podfile.lock\" \"${PODS_ROOT}/Manifest.lock\" > /dev/null\nif [ $? != 0 ] ; then\n    # print error to STDERR\n    echo \"error: The sandbox is not in sync with the Podfile.lock. Run 'pod install' or update your CocoaPods installation.\" >&2\n    exit 1\nfi\n# This output is used by Xcode 'outputs' to avoid re-running this script phase.\necho \"SUCCESS\" > \"${SCRIPT_OUTPUT_FILE_0}\"\n";
			showEnvVarsInLog = 0;
		};
		540EB168064CE974472852E1 /* [CP] Check Pods Manifest.lock */ = {
			isa = PBXShellScriptBuildPhase;
			buildActionMask = 2147483647;
			files = (
			);
			inputFileListPaths = (
			);
			inputPaths = (
				"${PODS_PODFILE_DIR_PATH}/Podfile.lock",
				"${PODS_ROOT}/Manifest.lock",
			);
			name = "[CP] Check Pods Manifest.lock";
			outputFileListPaths = (
			);
			outputPaths = (
				"$(DERIVED_FILE_DIR)/Pods-Wantedly-WantedlyUITests-checkManifestLockResult.txt",
			);
			runOnlyForDeploymentPostprocessing = 0;
			shellPath = /bin/sh;
			shellScript = "diff \"${PODS_PODFILE_DIR_PATH}/Podfile.lock\" \"${PODS_ROOT}/Manifest.lock\" > /dev/null\nif [ $? != 0 ] ; then\n    # print error to STDERR\n    echo \"error: The sandbox is not in sync with the Podfile.lock. Run 'pod install' or update your CocoaPods installation.\" >&2\n    exit 1\nfi\n# This output is used by Xcode 'outputs' to avoid re-running this script phase.\necho \"SUCCESS\" > \"${SCRIPT_OUTPUT_FILE_0}\"\n";
			showEnvVarsInLog = 0;
		};
		9F17583032ACF6DA20A041D8 /* [CP] Embed Pods Frameworks */ = {
			isa = PBXShellScriptBuildPhase;
			buildActionMask = 2147483647;
			files = (
			);
			inputFileListPaths = (
				"${PODS_ROOT}/Target Support Files/Pods-Wantedly/Pods-Wantedly-frameworks-${CONFIGURATION}-input-files.xcfilelist",
			);
			name = "[CP] Embed Pods Frameworks";
			outputFileListPaths = (
				"${PODS_ROOT}/Target Support Files/Pods-Wantedly/Pods-Wantedly-frameworks-${CONFIGURATION}-output-files.xcfilelist",
			);
			runOnlyForDeploymentPostprocessing = 0;
			shellPath = /bin/sh;
			shellScript = "\"${PODS_ROOT}/Target Support Files/Pods-Wantedly/Pods-Wantedly-frameworks.sh\"\n";
			showEnvVarsInLog = 0;
		};
/* End PBXShellScriptBuildPhase section */

/* Begin PBXSourcesBuildPhase section */
		227B9B4C25F1734200BA08BA /* Sources */ = {
			isa = PBXSourcesBuildPhase;
			buildActionMask = 2147483647;
			files = (
				227B9BCA25F22AAC00BA08BA /* Article.swift in Sources */,
				227B9B5825F1734200BA08BA /* ViewController.swift in Sources */,
				2235BFDF25F7DE0C00C1BB47 /* PopoverViewController.swift in Sources */,
				227B9B8E25F2116B00BA08BA /* TableViewCell.swift in Sources */,
				227B9B5425F1734200BA08BA /* AppDelegate.swift in Sources */,
				227B9BA225F21B9D00BA08BA /* DetailViewController.swift in Sources */,
				227B9B5625F1734200BA08BA /* SceneDelegate.swift in Sources */,
			);
			runOnlyForDeploymentPostprocessing = 0;
		};
		227B9B6225F1734500BA08BA /* Sources */ = {
			isa = PBXSourcesBuildPhase;
			buildActionMask = 2147483647;
			files = (
				227B9B6B25F1734500BA08BA /* WantedlyTests.swift in Sources */,
			);
			runOnlyForDeploymentPostprocessing = 0;
		};
		227B9B6D25F1734500BA08BA /* Sources */ = {
			isa = PBXSourcesBuildPhase;
			buildActionMask = 2147483647;
			files = (
				227B9B7625F1734500BA08BA /* WantedlyUITests.swift in Sources */,
			);
			runOnlyForDeploymentPostprocessing = 0;
		};
/* End PBXSourcesBuildPhase section */

/* Begin PBXTargetDependency section */
		227B9B6825F1734500BA08BA /* PBXTargetDependency */ = {
			isa = PBXTargetDependency;
			target = 227B9B4F25F1734200BA08BA /* Wantedly */;
			targetProxy = 227B9B6725F1734500BA08BA /* PBXContainerItemProxy */;
		};
		227B9B7325F1734500BA08BA /* PBXTargetDependency */ = {
			isa = PBXTargetDependency;
			target = 227B9B4F25F1734200BA08BA /* Wantedly */;
			targetProxy = 227B9B7225F1734500BA08BA /* PBXContainerItemProxy */;
		};
/* End PBXTargetDependency section */

/* Begin PBXVariantGroup section */
		227B9B5925F1734200BA08BA /* Main.storyboard */ = {
			isa = PBXVariantGroup;
			children = (
				227B9B5A25F1734200BA08BA /* Base */,
			);
			name = Main.storyboard;
			sourceTree = "<group>";
		};
		227B9B5E25F1734500BA08BA /* LaunchScreen.storyboard */ = {
			isa = PBXVariantGroup;
			children = (
				227B9B5F25F1734500BA08BA /* Base */,
			);
			name = LaunchScreen.storyboard;
			sourceTree = "<group>";
		};
/* End PBXVariantGroup section */

/* Begin XCBuildConfiguration section */
		227B9B7825F1734500BA08BA /* Debug */ = {
			isa = XCBuildConfiguration;
			buildSettings = {
				ALWAYS_SEARCH_USER_PATHS = NO;
				CLANG_ANALYZER_NONNULL = YES;
				CLANG_ANALYZER_NUMBER_OBJECT_CONVERSION = YES_AGGRESSIVE;
				CLANG_CXX_LANGUAGE_STANDARD = "gnu++14";
				CLANG_CXX_LIBRARY = "libc++";
				CLANG_ENABLE_MODULES = YES;
				CLANG_ENABLE_OBJC_ARC = YES;
				CLANG_ENABLE_OBJC_WEAK = YES;
				CLANG_WARN_BLOCK_CAPTURE_AUTORELEASING = YES;
				CLANG_WARN_BOOL_CONVERSION = YES;
				CLANG_WARN_COMMA = YES;
				CLANG_WARN_CONSTANT_CONVERSION = YES;
				CLANG_WARN_DEPRECATED_OBJC_IMPLEMENTATIONS = YES;
				CLANG_WARN_DIRECT_OBJC_ISA_USAGE = YES_ERROR;
				CLANG_WARN_DOCUMENTATION_COMMENTS = YES;
				CLANG_WARN_EMPTY_BODY = YES;
				CLANG_WARN_ENUM_CONVERSION = YES;
				CLANG_WARN_INFINITE_RECURSION = YES;
				CLANG_WARN_INT_CONVERSION = YES;
				CLANG_WARN_NON_LITERAL_NULL_CONVERSION = YES;
				CLANG_WARN_OBJC_IMPLICIT_RETAIN_SELF = YES;
				CLANG_WARN_OBJC_LITERAL_CONVERSION = YES;
				CLANG_WARN_OBJC_ROOT_CLASS = YES_ERROR;
				CLANG_WARN_QUOTED_INCLUDE_IN_FRAMEWORK_HEADER = YES;
				CLANG_WARN_RANGE_LOOP_ANALYSIS = YES;
				CLANG_WARN_STRICT_PROTOTYPES = YES;
				CLANG_WARN_SUSPICIOUS_MOVE = YES;
				CLANG_WARN_UNGUARDED_AVAILABILITY = YES_AGGRESSIVE;
				CLANG_WARN_UNREACHABLE_CODE = YES;
				CLANG_WARN__DUPLICATE_METHOD_MATCH = YES;
				COPY_PHASE_STRIP = NO;
				DEBUG_INFORMATION_FORMAT = dwarf;
				ENABLE_STRICT_OBJC_MSGSEND = YES;
				ENABLE_TESTABILITY = YES;
				GCC_C_LANGUAGE_STANDARD = gnu11;
				GCC_DYNAMIC_NO_PIC = NO;
				GCC_NO_COMMON_BLOCKS = YES;
				GCC_OPTIMIZATION_LEVEL = 0;
				GCC_PREPROCESSOR_DEFINITIONS = (
					"DEBUG=1",
					"$(inherited)",
				);
				GCC_WARN_64_TO_32_BIT_CONVERSION = YES;
				GCC_WARN_ABOUT_RETURN_TYPE = YES_ERROR;
				GCC_WARN_UNDECLARED_SELECTOR = YES;
				GCC_WARN_UNINITIALIZED_AUTOS = YES_AGGRESSIVE;
				GCC_WARN_UNUSED_FUNCTION = YES;
				GCC_WARN_UNUSED_VARIABLE = YES;
				IPHONEOS_DEPLOYMENT_TARGET = 14.3;
				MTL_ENABLE_DEBUG_INFO = INCLUDE_SOURCE;
				MTL_FAST_MATH = YES;
				ONLY_ACTIVE_ARCH = YES;
				SDKROOT = iphoneos;
				SWIFT_ACTIVE_COMPILATION_CONDITIONS = DEBUG;
				SWIFT_OPTIMIZATION_LEVEL = "-Onone";
			};
			name = Debug;
		};
		227B9B7925F1734500BA08BA /* Release */ = {
			isa = XCBuildConfiguration;
			buildSettings = {
				ALWAYS_SEARCH_USER_PATHS = NO;
				CLANG_ANALYZER_NONNULL = YES;
				CLANG_ANALYZER_NUMBER_OBJECT_CONVERSION = YES_AGGRESSIVE;
				CLANG_CXX_LANGUAGE_STANDARD = "gnu++14";
				CLANG_CXX_LIBRARY = "libc++";
				CLANG_ENABLE_MODULES = YES;
				CLANG_ENABLE_OBJC_ARC = YES;
				CLANG_ENABLE_OBJC_WEAK = YES;
				CLANG_WARN_BLOCK_CAPTURE_AUTORELEASING = YES;
				CLANG_WARN_BOOL_CONVERSION = YES;
				CLANG_WARN_COMMA = YES;
				CLANG_WARN_CONSTANT_CONVERSION = YES;
				CLANG_WARN_DEPRECATED_OBJC_IMPLEMENTATIONS = YES;
				CLANG_WARN_DIRECT_OBJC_ISA_USAGE = YES_ERROR;
				CLANG_WARN_DOCUMENTATION_COMMENTS = YES;
				CLANG_WARN_EMPTY_BODY = YES;
				CLANG_WARN_ENUM_CONVERSION = YES;
				CLANG_WARN_INFINITE_RECURSION = YES;
				CLANG_WARN_INT_CONVERSION = YES;
				CLANG_WARN_NON_LITERAL_NULL_CONVERSION = YES;
				CLANG_WARN_OBJC_IMPLICIT_RETAIN_SELF = YES;
				CLANG_WARN_OBJC_LITERAL_CONVERSION = YES;
				CLANG_WARN_OBJC_ROOT_CLASS = YES_ERROR;
				CLANG_WARN_QUOTED_INCLUDE_IN_FRAMEWORK_HEADER = YES;
				CLANG_WARN_RANGE_LOOP_ANALYSIS = YES;
				CLANG_WARN_STRICT_PROTOTYPES = YES;
				CLANG_WARN_SUSPICIOUS_MOVE = YES;
				CLANG_WARN_UNGUARDED_AVAILABILITY = YES_AGGRESSIVE;
				CLANG_WARN_UNREACHABLE_CODE = YES;
				CLANG_WARN__DUPLICATE_METHOD_MATCH = YES;
				COPY_PHASE_STRIP = NO;
				DEBUG_INFORMATION_FORMAT = "dwarf-with-dsym";
				ENABLE_NS_ASSERTIONS = NO;
				ENABLE_STRICT_OBJC_MSGSEND = YES;
				GCC_C_LANGUAGE_STANDARD = gnu11;
				GCC_NO_COMMON_BLOCKS = YES;
				GCC_WARN_64_TO_32_BIT_CONVERSION = YES;
				GCC_WARN_ABOUT_RETURN_TYPE = YES_ERROR;
				GCC_WARN_UNDECLARED_SELECTOR = YES;
				GCC_WARN_UNINITIALIZED_AUTOS = YES_AGGRESSIVE;
				GCC_WARN_UNUSED_FUNCTION = YES;
				GCC_WARN_UNUSED_VARIABLE = YES;
				IPHONEOS_DEPLOYMENT_TARGET = 14.3;
				MTL_ENABLE_DEBUG_INFO = NO;
				MTL_FAST_MATH = YES;
				SDKROOT = iphoneos;
				SWIFT_COMPILATION_MODE = wholemodule;
				SWIFT_OPTIMIZATION_LEVEL = "-O";
				VALIDATE_PRODUCT = YES;
			};
			name = Release;
		};
		227B9B7B25F1734500BA08BA /* Debug */ = {
			isa = XCBuildConfiguration;
			baseConfigurationReference = 817E0E6C9EF8D8246428D546 /* Pods-Wantedly.debug.xcconfig */;
			buildSettings = {
				ASSETCATALOG_COMPILER_APPICON_NAME = AppIcon;
				ASSETCATALOG_COMPILER_GLOBAL_ACCENT_COLOR_NAME = AccentColor;
				CODE_SIGN_STYLE = Automatic;
				DEVELOPMENT_TEAM = 728MNT2Y45;
				INFOPLIST_FILE = Wantedly/Info.plist;
				LD_RUNPATH_SEARCH_PATHS = (
					"$(inherited)",
					"@executable_path/Frameworks",
				);
				PRODUCT_BUNDLE_IDENTIFIER = com.hanjirou.Wantedly;
				PRODUCT_NAME = "$(TARGET_NAME)";
				SWIFT_VERSION = 5.0;
				TARGETED_DEVICE_FAMILY = "1,2";
			};
			name = Debug;
		};
		227B9B7C25F1734500BA08BA /* Release */ = {
			isa = XCBuildConfiguration;
			baseConfigurationReference = 73D00D8A463DA6812BF4D7F7 /* Pods-Wantedly.release.xcconfig */;
			buildSettings = {
				ASSETCATALOG_COMPILER_APPICON_NAME = AppIcon;
				ASSETCATALOG_COMPILER_GLOBAL_ACCENT_COLOR_NAME = AccentColor;
				CODE_SIGN_STYLE = Automatic;
				DEVELOPMENT_TEAM = 728MNT2Y45;
				INFOPLIST_FILE = Wantedly/Info.plist;
				LD_RUNPATH_SEARCH_PATHS = (
					"$(inherited)",
					"@executable_path/Frameworks",
				);
				PRODUCT_BUNDLE_IDENTIFIER = com.hanjirou.Wantedly;
				PRODUCT_NAME = "$(TARGET_NAME)";
				SWIFT_VERSION = 5.0;
				TARGETED_DEVICE_FAMILY = "1,2";
			};
			name = Release;
		};
		227B9B7E25F1734500BA08BA /* Debug */ = {
			isa = XCBuildConfiguration;
			baseConfigurationReference = 50473B0915345DCA98A978D3 /* Pods-WantedlyTests.debug.xcconfig */;
			buildSettings = {
				ALWAYS_EMBED_SWIFT_STANDARD_LIBRARIES = YES;
				BUNDLE_LOADER = "$(TEST_HOST)";
				CODE_SIGN_STYLE = Automatic;
				DEVELOPMENT_TEAM = 728MNT2Y45;
				INFOPLIST_FILE = WantedlyTests/Info.plist;
				IPHONEOS_DEPLOYMENT_TARGET = 14.3;
				LD_RUNPATH_SEARCH_PATHS = (
					"$(inherited)",
					"@executable_path/Frameworks",
					"@loader_path/Frameworks",
				);
				PRODUCT_BUNDLE_IDENTIFIER = com.hanjirou.WantedlyTests;
				PRODUCT_NAME = "$(TARGET_NAME)";
				SWIFT_VERSION = 5.0;
				TARGETED_DEVICE_FAMILY = "1,2";
				TEST_HOST = "$(BUILT_PRODUCTS_DIR)/Wantedly.app/Wantedly";
			};
			name = Debug;
		};
		227B9B7F25F1734500BA08BA /* Release */ = {
			isa = XCBuildConfiguration;
			baseConfigurationReference = 0EE663C10B7F57966797F237 /* Pods-WantedlyTests.release.xcconfig */;
			buildSettings = {
				ALWAYS_EMBED_SWIFT_STANDARD_LIBRARIES = YES;
				BUNDLE_LOADER = "$(TEST_HOST)";
				CODE_SIGN_STYLE = Automatic;
				DEVELOPMENT_TEAM = 728MNT2Y45;
				INFOPLIST_FILE = WantedlyTests/Info.plist;
				IPHONEOS_DEPLOYMENT_TARGET = 14.3;
				LD_RUNPATH_SEARCH_PATHS = (
					"$(inherited)",
					"@executable_path/Frameworks",
					"@loader_path/Frameworks",
				);
				PRODUCT_BUNDLE_IDENTIFIER = com.hanjirou.WantedlyTests;
				PRODUCT_NAME = "$(TARGET_NAME)";
				SWIFT_VERSION = 5.0;
				TARGETED_DEVICE_FAMILY = "1,2";
				TEST_HOST = "$(BUILT_PRODUCTS_DIR)/Wantedly.app/Wantedly";
			};
			name = Release;
		};
		227B9B8125F1734500BA08BA /* Debug */ = {
			isa = XCBuildConfiguration;
			baseConfigurationReference = 8D4FC09C188B57431E8C2BE0 /* Pods-Wantedly-WantedlyUITests.debug.xcconfig */;
			buildSettings = {
				ALWAYS_EMBED_SWIFT_STANDARD_LIBRARIES = YES;
				CODE_SIGN_STYLE = Automatic;
				DEVELOPMENT_TEAM = 728MNT2Y45;
				INFOPLIST_FILE = WantedlyUITests/Info.plist;
				LD_RUNPATH_SEARCH_PATHS = (
					"$(inherited)",
					"@executable_path/Frameworks",
					"@loader_path/Frameworks",
				);
				PRODUCT_BUNDLE_IDENTIFIER = com.hanjirou.WantedlyUITests;
				PRODUCT_NAME = "$(TARGET_NAME)";
				SWIFT_VERSION = 5.0;
				TARGETED_DEVICE_FAMILY = "1,2";
				TEST_TARGET_NAME = Wantedly;
			};
			name = Debug;
		};
		227B9B8225F1734500BA08BA /* Release */ = {
			isa = XCBuildConfiguration;
			baseConfigurationReference = 1CF90A8D0732BB37E2BDECF1 /* Pods-Wantedly-WantedlyUITests.release.xcconfig */;
			buildSettings = {
				ALWAYS_EMBED_SWIFT_STANDARD_LIBRARIES = YES;
				CODE_SIGN_STYLE = Automatic;
				DEVELOPMENT_TEAM = 728MNT2Y45;
				INFOPLIST_FILE = WantedlyUITests/Info.plist;
				LD_RUNPATH_SEARCH_PATHS = (
					"$(inherited)",
					"@executable_path/Frameworks",
					"@loader_path/Frameworks",
				);
				PRODUCT_BUNDLE_IDENTIFIER = com.hanjirou.WantedlyUITests;
				PRODUCT_NAME = "$(TARGET_NAME)";
				SWIFT_VERSION = 5.0;
				TARGETED_DEVICE_FAMILY = "1,2";
				TEST_TARGET_NAME = Wantedly;
			};
			name = Release;
		};
/* End XCBuildConfiguration section */

/* Begin XCConfigurationList section */
		227B9B4B25F1734200BA08BA /* Build configuration list for PBXProject "Wantedly" */ = {
			isa = XCConfigurationList;
			buildConfigurations = (
				227B9B7825F1734500BA08BA /* Debug */,
				227B9B7925F1734500BA08BA /* Release */,
			);
			defaultConfigurationIsVisible = 0;
			defaultConfigurationName = Release;
		};
		227B9B7A25F1734500BA08BA /* Build configuration list for PBXNativeTarget "Wantedly" */ = {
			isa = XCConfigurationList;
			buildConfigurations = (
				227B9B7B25F1734500BA08BA /* Debug */,
				227B9B7C25F1734500BA08BA /* Release */,
			);
			defaultConfigurationIsVisible = 0;
			defaultConfigurationName = Release;
		};
		227B9B7D25F1734500BA08BA /* Build configuration list for PBXNativeTarget "WantedlyTests" */ = {
			isa = XCConfigurationList;
			buildConfigurations = (
				227B9B7E25F1734500BA08BA /* Debug */,
				227B9B7F25F1734500BA08BA /* Release */,
			);
			defaultConfigurationIsVisible = 0;
			defaultConfigurationName = Release;
		};
		227B9B8025F1734500BA08BA /* Build configuration list for PBXNativeTarget "WantedlyUITests" */ = {
			isa = XCConfigurationList;
			buildConfigurations = (
				227B9B8125F1734500BA08BA /* Debug */,
				227B9B8225F1734500BA08BA /* Release */,
			);
			defaultConfigurationIsVisible = 0;
			defaultConfigurationName = Release;
		};
/* End XCConfigurationList section */
	};
	rootObject = 227B9B4825F1734200BA08BA /* Project object */;
}
